
Microsoft Visual Studio Solution File, Format Version 12.00
# Visual Studio Version 16
VisualStudioVersion = 16.0.30114.128
MinimumVisualStudioVersion = 10.0.40219.1
Project("{9A19103F-16F7-4668-BE54-9A1E7A4F7556}") = "HandyWinGet-GUI", "HandyWinGet-GUI\HandyWinGet-GUI.csproj", "{69A83A9D-481A-425A-96DE-9F476AFFA641}"
EndProject
Project("{FAE04EC0-301F-11D3-BF4B-00C04F79EFBC}") = "HandyUpdater", "HandyUpdater\HandyUpdater.csproj", "{8DF4E2AE-A2F5-4F9C-820D-F6EF3353A479}"
EndProject
Global
	GlobalSection(SolutionConfigurationPlatforms) = preSolution
		Debug|Any CPU = Debug|Any CPU
		Debug|ARM = Debug|ARM
		Debug|ARM64 = Debug|ARM64
		Debug|x64 = Debug|x64
		Debug|x86 = Debug|x86
		Release|Any CPU = Release|Any CPU
		Release|ARM = Release|ARM
		Release|ARM64 = Release|ARM64
		Release|x64 = Release|x64
		Release|x86 = Release|x86
	EndGlobalSection
	GlobalSection(ProjectConfigurationPlatforms) = postSolution
		{69A83A9D-481A-425A-96DE-9F476AFFA641}.Debug|Any CPU.ActiveCfg = Debug|Any CPU
		{69A83A9D-481A-425A-96DE-9F476AFFA641}.Debug|Any CPU.Build.0 = Debug|Any CPU
		{69A83A9D-481A-425A-96DE-9F476AFFA641}.Debug|ARM.ActiveCfg = Debug|Any CPU
		{69A83A9D-481A-425A-96DE-9F476AFFA641}.Debug|ARM.Build.0 = Debug|Any CPU
		{69A83A9D-481A-425A-96DE-9F476AFFA641}.Debug|ARM64.ActiveCfg = Debug|Any CPU
		{69A83A9D-481A-425A-96DE-9F476AFFA641}.Debug|ARM64.Build.0 = Debug|Any CPU
		{69A83A9D-481A-425A-96DE-9F476AFFA641}.Debug|x64.ActiveCfg = Debug|Any CPU
		{69A83A9D-481A-425A-96DE-9F476AFFA641}.Debug|x64.Build.0 = Debug|Any CPU
		{69A83A9D-481A-425A-96DE-9F476AFFA641}.Debug|x86.ActiveCfg = Debug|Any CPU
		{69A83A9D-481A-425A-96DE-9F476AFFA641}.Debug|x86.Build.0 = Debug|Any CPU
		{69A83A9D-481A-425A-96DE-9F476AFFA641}.Release|Any CPU.ActiveCfg = Release|Any CPU
		{69A83A9D-481A-425A-96DE-9F476AFFA641}.Release|Any CPU.Build.0 = Release|Any CPU
		{69A83A9D-481A-425A-96DE-9F476AFFA641}.Release|ARM.ActiveCfg = Release|Any CPU
		{69A83A9D-481A-425A-96DE-9F476AFFA641}.Release|ARM.Build.0 = Release|Any CPU
		{69A83A9D-481A-425A-96DE-9F476AFFA641}.Release|ARM64.ActiveCfg = Release|Any CPU
		{69A83A9D-481A-425A-96DE-9F476AFFA641}.Release|ARM64.Build.0 = Release|Any CPU
		{69A83A9D-481A-425A-96DE-9F476AFFA641}.Release|x64.ActiveCfg = Release|Any CPU
		{69A83A9D-481A-425A-96DE-9F476AFFA641}.Release|x64.Build.0 = Release|Any CPU
		{69A83A9D-481A-425A-96DE-9F476AFFA641}.Release|x86.ActiveCfg = Release|Any CPU
		{69A83A9D-481A-425A-96DE-9F476AFFA641}.Release|x86.Build.0 = Release|Any CPU
		{8DF4E2AE-A2F5-4F9C-820D-F6EF3353A479}.Debug|Any CPU.ActiveCfg = Debug|Any CPU
		{8DF4E2AE-A2F5-4F9C-820D-F6EF3353A479}.Debug|Any CPU.Build.0 = Debug|Any CPU
		{8DF4E2AE-A2F5-4F9C-820D-F6EF3353A479}.Debug|ARM.ActiveCfg = Debug|Any CPU
		{8DF4E2AE-A2F5-4F9C-820D-F6EF3353A479}.Debug|ARM.Build.0 = Debug|Any CPU
		{8DF4E2AE-A2F5-4F9C-820D-F6EF3353A479}.Debug|ARM64.ActiveCfg = Debug|Any CPU
		{8DF4E2AE-A2F5-4F9C-820D-F6EF3353A479}.Debug|ARM64.Build.0 = Debug|Any CPU
		{8DF4E2AE-A2F5-4F9C-820D-F6EF3353A479}.Debug|x64.ActiveCfg = Debug|Any CPU
		{8DF4E2AE-A2F5-4F9C-820D-F6EF3353A479}.Debug|x64.Build.0 = Debug|Any CPU
		{8DF4E2AE-A2F5-4F9C-820D-F6EF3353A479}.Debug|x86.ActiveCfg = Debug|Any CPU
		{8DF4E2AE-A2F5-4F9C-820D-F6EF3353A479}.Debug|x86.Build.0 = Debug|Any CPU
		{8DF4E2AE-A2F5-4F9C-820D-F6EF3353A479}.Release|Any CPU.ActiveCfg = Release|Any CPU
		{8DF4E2AE-A2F5-4F9C-820D-F6EF3353A479}.Release|Any CPU.Build.0 = Release|Any CPU
		{8DF4E2AE-A2F5-4F9C-820D-F6EF3353A479}.Release|ARM.ActiveCfg = Release|Any CPU
		{8DF4E2AE-A2F5-4F9C-820D-F6EF3353A479}.Release|ARM.Build.0 = Release|Any CPU
		{8DF4E2AE-A2F5-4F9C-820D-F6EF3353A479}.Release|ARM64.ActiveCfg = Release|Any CPU
		{8DF4E2AE-A2F5-4F9C-820D-F6EF3353A479}.Release|ARM64.Build.0 = Release|Any CPU
		{8DF4E2AE-A2F5-4F9C-820D-F6EF3353A479}.Release|x64.ActiveCfg = Release|Any CPU
		{8DF4E2AE-A2F5-4F9C-820D-F6EF3353A479}.Release|x64.Build.0 = Release|Any CPU
		{8DF4E2AE-A2F5-4F9C-820D-F6EF3353A479}.Release|x86.ActiveCfg = Release|Any CPU
		{8DF4E2AE-A2F5-4F9C-820D-F6EF3353A479}.Release|x86.Build.0 = Release|Any CPU
	EndGlobalSection
	GlobalSection(SolutionProperties) = preSolution
		HideSolutionNode = FALSE
	EndGlobalSection
	GlobalSection(ExtensibilityGlobals) = postSolution
		SolutionGuid = {20195AB5-263A-4323-A5F0-02650E5E8AA7}
	EndGlobalSection
EndGlobal
